// !$*UTF8*$!
{
	archiveVersion = 1;
	classes = {
	};
	objectVersion = 50;
	objects = {

/* Begin PBXBuildFile section */
		05722511213DA87900234518 /* AppDelegate.swift in Sources */ = {isa = PBXBuildFile; fileRef = 05722510213DA87900234518 /* AppDelegate.swift */; };
		05722516213DA87900234518 /* Main.storyboard in Resources */ = {isa = PBXBuildFile; fileRef = 05722514213DA87900234518 /* Main.storyboard */; };
		05722518213DA87A00234518 /* Assets.xcassets in Resources */ = {isa = PBXBuildFile; fileRef = 05722517213DA87A00234518 /* Assets.xcassets */; };
		0572251B213DA87A00234518 /* LaunchScreen.storyboard in Resources */ = {isa = PBXBuildFile; fileRef = 05722519213DA87A00234518 /* LaunchScreen.storyboard */; };
		05722523213DA96500234518 /* exampleAlbum.json in Resources */ = {isa = PBXBuildFile; fileRef = 05722522213DA96500234518 /* exampleAlbum.json */; };
		0572252A213DBAD300234518 /* AlbumsTableViewController.swift in Sources */ = {isa = PBXBuildFile; fileRef = 05722529213DBAD300234518 /* AlbumsTableViewController.swift */; };
		0572252C213DBE7900234518 /* AlbumDetailTableViewController.swift in Sources */ = {isa = PBXBuildFile; fileRef = 0572252B213DBE7900234518 /* AlbumDetailTableViewController.swift */; };
		0572252E213DC37D00234518 /* SongTableViewCell.swift in Sources */ = {isa = PBXBuildFile; fileRef = 0572252D213DC37D00234518 /* SongTableViewCell.swift */; };
/* End PBXBuildFile section */

/* Begin PBXFileReference section */
		0572250D213DA87900234518 /* Albums.app */ = {isa = PBXFileReference; explicitFileType = wrapper.application; includeInIndex = 0; path = Albums.app; sourceTree = BUILT_PRODUCTS_DIR; };
		05722510213DA87900234518 /* AppDelegate.swift */ = {isa = PBXFileReference; lastKnownFileType = sourcecode.swift; path = AppDelegate.swift; sourceTree = "<group>"; };
		05722515213DA87900234518 /* Base */ = {isa = PBXFileReference; lastKnownFileType = file.storyboard; name = Base; path = Base.lproj/Main.storyboard; sourceTree = "<group>"; };
		05722517213DA87A00234518 /* Assets.xcassets */ = {isa = PBXFileReference; lastKnownFileType = folder.assetcatalog; path = Assets.xcassets; sourceTree = "<group>"; };
		0572251A213DA87A00234518 /* Base */ = {isa = PBXFileReference; lastKnownFileType = file.storyboard; name = Base; path = Base.lproj/LaunchScreen.storyboard; sourceTree = "<group>"; };
		0572251C213DA87A00234518 /* Info.plist */ = {isa = PBXFileReference; lastKnownFileType = text.plist.xml; path = Info.plist; sourceTree = "<group>"; };
		05722522213DA96500234518 /* exampleAlbum.json */ = {isa = PBXFileReference; fileEncoding = 4; lastKnownFileType = text.json; path = exampleAlbum.json; sourceTree = "<group>"; };
		05722529213DBAD300234518 /* AlbumsTableViewController.swift */ = {isa = PBXFileReference; lastKnownFileType = sourcecode.swift; path = AlbumsTableViewController.swift; sourceTree = "<group>"; };
		0572252B213DBE7900234518 /* AlbumDetailTableViewController.swift */ = {isa = PBXFileReference; lastKnownFileType = sourcecode.swift; path = AlbumDetailTableViewController.swift; sourceTree = "<group>"; };
		0572252D213DC37D00234518 /* SongTableViewCell.swift */ = {isa = PBXFileReference; lastKnownFileType = sourcecode.swift; path = SongTableViewCell.swift; sourceTree = "<group>"; };
/* End PBXFileReference section */

/* Begin PBXFrameworksBuildPhase section */
		0572250A213DA87900234518 /* Frameworks */ = {
			isa = PBXFrameworksBuildPhase;
			buildActionMask = 2147483647;
			files = (
			);
			runOnlyForDeploymentPostprocessing = 0;
		};
/* End PBXFrameworksBuildPhase section */

/* Begin PBXGroup section */
		05722504213DA87900234518 = {
			isa = PBXGroup;
			children = (
				0572250F213DA87900234518 /* Albums */,
				0572250E213DA87900234518 /* Products */,
			);
			sourceTree = "<group>";
		};
		0572250E213DA87900234518 /* Products */ = {
			isa = PBXGroup;
			children = (
				0572250D213DA87900234518 /* Albums.app */,
			);
			name = Products;
			sourceTree = "<group>";
		};
		0572250F213DA87900234518 /* Albums */ = {
			isa = PBXGroup;
			children = (
				05722510213DA87900234518 /* AppDelegate.swift */,
				05722514213DA87900234518 /* Main.storyboard */,
				0572251C213DA87A00234518 /* Info.plist */,
				05722526213DA98200234518 /* Models */,
				05722525213DA97D00234518 /* Views */,
				05722524213DA97800234518 /* Controllers */,
			);
			path = Albums;
			sourceTree = "<group>";
		};
		05722524213DA97800234518 /* Controllers */ = {
			isa = PBXGroup;
			children = (
				05722529213DBAD300234518 /* AlbumsTableViewController.swift */,
				0572252B213DBE7900234518 /* AlbumDetailTableViewController.swift */,
			);
			path = Controllers;
			sourceTree = "<group>";
		};
		05722525213DA97D00234518 /* Views */ = {
			isa = PBXGroup;
			children = (
				05722517213DA87A00234518 /* Assets.xcassets */,
				05722519213DA87A00234518 /* LaunchScreen.storyboard */,
				0572252D213DC37D00234518 /* SongTableViewCell.swift */,
			);
			path = Views;
			sourceTree = "<group>";
		};
		05722526213DA98200234518 /* Models */ = {
			isa = PBXGroup;
			children = (
				05722522213DA96500234518 /* exampleAlbum.json */,
			);
			path = Models;
			sourceTree = "<group>";
		};
/* End PBXGroup section */

/* Begin PBXNativeTarget section */
		0572250C213DA87900234518 /* Albums */ = {
			isa = PBXNativeTarget;
			buildConfigurationList = 0572251F213DA87A00234518 /* Build configuration list for PBXNativeTarget "Albums" */;
			buildPhases = (
				05722509213DA87900234518 /* Sources */,
				0572250A213DA87900234518 /* Frameworks */,
				0572250B213DA87900234518 /* Resources */,
			);
			buildRules = (
			);
			dependencies = (
			);
			name = Albums;
			productName = Albums;
			productReference = 0572250D213DA87900234518 /* Albums.app */;
			productType = "com.apple.product-type.application";
		};
/* End PBXNativeTarget section */

/* Begin PBXProject section */
		05722505213DA87900234518 /* Project object */ = {
			isa = PBXProject;
			attributes = {
				LastSwiftUpdateCheck = 0940;
				LastUpgradeCheck = 0940;
				ORGANIZATIONNAME = "David Doswell";
				TargetAttributes = {
					0572250C213DA87900234518 = {
						CreatedOnToolsVersion = 9.4.1;
					};
				};
			};
			buildConfigurationList = 05722508213DA87900234518 /* Build configuration list for PBXProject "Albums" */;
			compatibilityVersion = "Xcode 9.3";
			developmentRegion = en;
			hasScannedForEncodings = 0;
			knownRegions = (
				en,
				Base,
			);
			mainGroup = 05722504213DA87900234518;
			productRefGroup = 0572250E213DA87900234518 /* Products */;
			projectDirPath = "";
			projectRoot = "";
			targets = (
				0572250C213DA87900234518 /* Albums */,
			);
		};
/* End PBXProject section */

/* Begin PBXResourcesBuildPhase section */
		0572250B213DA87900234518 /* Resources */ = {
			isa = PBXResourcesBuildPhase;
			buildActionMask = 2147483647;
			files = (
				0572251B213DA87A00234518 /* LaunchScreen.storyboard in Resources */,
				05722518213DA87A00234518 /* Assets.xcassets in Resources */,
				05722523213DA96500234518 /* exampleAlbum.json in Resources */,
				05722516213DA87900234518 /* Main.storyboard in Resources */,
			);
			runOnlyForDeploymentPostprocessing = 0;
		};
/* End PBXResourcesBuildPhase section */

/* Begin PBXSourcesBuildPhase section */
		05722509213DA87900234518 /* Sources */ = {
			isa = PBXSourcesBuildPhase;
			buildActionMask = 2147483647;
			files = (
				0572252E213DC37D00234518 /* SongTableViewCell.swift in Sources */,
				0572252A213DBAD300234518 /* AlbumsTableViewController.swift in Sources */,
				0572252C213DBE7900234518 /* AlbumDetailTableViewController.swift in Sources */,
				05722511213DA87900234518 /* AppDelegate.swift in Sources */,
			);
			runOnlyForDeploymentPostprocessing = 0;
		};
/* End PBXSourcesBuildPhase section */

/* Begin PBXVariantGroup section */
		05722514213DA87900234518 /* Main.storyboard */ = {
			isa = PBXVariantGroup;
			children = (
				05722515213DA87900234518 /* Base */,
			);
			name = Main.storyboard;
			sourceTree = "<group>";
		};
		05722519213DA87A00234518 /* LaunchScreen.storyboard */ = {
			isa = PBXVariantGroup;
			children = (
				0572251A213DA87A00234518 /* Base */,
			);
			name = LaunchScreen.storyboard;
			sourceTree = "<group>";
		};
/* End PBXVariantGroup section */

/* Begin XCBuildConfiguration section */
		0572251D213DA87A00234518 /* Debug */ = {
			isa = XCBuildConfiguration;
			buildSettings = {
				ALWAYS_SEARCH_USER_PATHS = NO;
				CLANG_ANALYZER_NONNULL = YES;
				CLANG_ANALYZER_NUMBER_OBJECT_CONVERSION = YES_AGGRESSIVE;
				CLANG_CXX_LANGUAGE_STANDARD = "gnu++14";
				CLANG_CXX_LIBRARY = "libc++";
				CLANG_ENABLE_MODULES = YES;
				CLANG_ENABLE_OBJC_ARC = YES;
				CLANG_ENABLE_OBJC_WEAK = YES;
				CLANG_WARN_BLOCK_CAPTURE_AUTORELEASING = YES;
				CLANG_WARN_BOOL_CONVERSION = YES;
				CLANG_WARN_COMMA = YES;
				CLANG_WARN_CONSTANT_CONVERSION = YES;
				CLANG_WARN_DEPRECATED_OBJC_IMPLEMENTATIONS = YES;
				CLANG_WARN_DIRECT_OBJC_ISA_USAGE = YES_ERROR;
				CLANG_WARN_DOCUMENTATION_COMMENTS = YES;
				CLANG_WARN_EMPTY_BODY = YES;
				CLANG_WARN_ENUM_CONVERSION = YES;
				CLANG_WARN_INFINITE_RECURSION = YES;
				CLANG_WARN_INT_CONVERSION = YES;
				CLANG_WARN_NON_LITERAL_NULL_CONVERSION = YES;
				CLANG_WARN_OBJC_IMPLICIT_RETAIN_SELF = YES;
				CLANG_WARN_OBJC_LITERAL_CONVERSION = YES;
				CLANG_WARN_OBJC_ROOT_CLASS = YES_ERROR;
				CLANG_WARN_RANGE_LOOP_ANALYSIS = YES;
				CLANG_WARN_STRICT_PROTOTYPES = YES;
				CLANG_WARN_SUSPICIOUS_MOVE = YES;
				CLANG_WARN_UNGUARDED_AVAILABILITY = YES_AGGRESSIVE;
				CLANG_WARN_UNREACHABLE_CODE = YES;
				CLANG_WARN__DUPLICATE_METHOD_MATCH = YES;
				CODE_SIGN_IDENTITY = "iPhone Developer";
				COPY_PHASE_STRIP = NO;
				DEBUG_INFORMATION_FORMAT = dwarf;
				ENABLE_STRICT_OBJC_MSGSEND = YES;
				ENABLE_TESTABILITY = YES;
				GCC_C_LANGUAGE_STANDARD = gnu11;
				GCC_DYNAMIC_NO_PIC = NO;
				GCC_NO_COMMON_BLOCKS = YES;
				GCC_OPTIMIZATION_LEVEL = 0;
				GCC_PREPROCESSOR_DEFINITIONS = (
					"DEBUG=1",
					"$(inherited)",
				);
				GCC_WARN_64_TO_32_BIT_CONVERSION = YES;
				GCC_WARN_ABOUT_RETURN_TYPE = YES_ERROR;
				GCC_WARN_UNDECLARED_SELECTOR = YES;
				GCC_WARN_UNINITIALIZED_AUTOS = YES_AGGRESSIVE;
				GCC_WARN_UNUSED_FUNCTION = YES;
				GCC_WARN_UNUSED_VARIABLE = YES;
				IPHONEOS_DEPLOYMENT_TARGET = 11.4;
				MTL_ENABLE_DEBUG_INFO = YES;
				ONLY_ACTIVE_ARCH = YES;
				SDKROOT = iphoneos;
				SWIFT_ACTIVE_COMPILATION_CONDITIONS = DEBUG;
				SWIFT_OPTIMIZATION_LEVEL = "-Onone";
			};
			name = Debug;
		};
		0572251E213DA87A00234518 /* Release */ = {
			isa = XCBuildConfiguration;
			buildSettings = {
				ALWAYS_SEARCH_USER_PATHS = NO;
				CLANG_ANALYZER_NONNULL = YES;
				CLANG_ANALYZER_NUMBER_OBJECT_CONVERSION = YES_AGGRESSIVE;
				CLANG_CXX_LANGUAGE_STANDARD = "gnu++14";
				CLANG_CXX_LIBRARY = "libc++";
				CLANG_ENABLE_MODULES = YES;
				CLANG_ENABLE_OBJC_ARC = YES;
				CLANG_ENABLE_OBJC_WEAK = YES;
				CLANG_WARN_BLOCK_CAPTURE_AUTORELEASING = YES;
				CLANG_WARN_BOOL_CONVERSION = YES;
				CLANG_WARN_COMMA = YES;
				CLANG_WARN_CONSTANT_CONVERSION = YES;
				CLANG_WARN_DEPRECATED_OBJC_IMPLEMENTATIONS = YES;
				CLANG_WARN_DIRECT_OBJC_ISA_USAGE = YES_ERROR;
				CLANG_WARN_DOCUMENTATION_COMMENTS = YES;
				CLANG_WARN_EMPTY_BODY = YES;
				CLANG_WARN_ENUM_CONVERSION = YES;
				CLANG_WARN_INFINITE_RECURSION = YES;
				CLANG_WARN_INT_CONVERSION = YES;
				CLANG_WARN_NON_LITERAL_NULL_CONVERSION = YES;
				CLANG_WARN_OBJC_IMPLICIT_RETAIN_SELF = YES;
				CLANG_WARN_OBJC_LITERAL_CONVERSION = YES;
				CLANG_WARN_OBJC_ROOT_CLASS = YES_ERROR;
				CLANG_WARN_RANGE_LOOP_ANALYSIS = YES;
				CLANG_WARN_STRICT_PROTOTYPES = YES;
				CLANG_WARN_SUSPICIOUS_MOVE = YES;
				CLANG_WARN_UNGUARDED_AVAILABILITY = YES_AGGRESSIVE;
				CLANG_WARN_UNREACHABLE_CODE = YES;
				CLANG_WARN__DUPLICATE_METHOD_MATCH = YES;
				CODE_SIGN_IDENTITY = "iPhone Developer";
				COPY_PHASE_STRIP = NO;
				DEBUG_INFORMATION_FORMAT = "dwarf-with-dsym";
				ENABLE_NS_ASSERTIONS = NO;
				ENABLE_STRICT_OBJC_MSGSEND = YES;
				GCC_C_LANGUAGE_STANDARD = gnu11;
				GCC_NO_COMMON_BLOCKS = YES;
				GCC_WARN_64_TO_32_BIT_CONVERSION = YES;
				GCC_WARN_ABOUT_RETURN_TYPE = YES_ERROR;
				GCC_WARN_UNDECLARED_SELECTOR = YES;
				GCC_WARN_UNINITIALIZED_AUTOS = YES_AGGRESSIVE;
				GCC_WARN_UNUSED_FUNCTION = YES;
				GCC_WARN_UNUSED_VARIABLE = YES;
				IPHONEOS_DEPLOYMENT_TARGET = 11.4;
				MTL_ENABLE_DEBUG_INFO = NO;
				SDKROOT = iphoneos;
				SWIFT_COMPILATION_MODE = wholemodule;
				SWIFT_OPTIMIZATION_LEVEL = "-O";
				VALIDATE_PRODUCT = YES;
			};
			name = Release;
		};
		05722520213DA87A00234518 /* Debug */ = {
			isa = XCBuildConfiguration;
			buildSettings = {
				ASSETCATALOG_COMPILER_APPICON_NAME = AppIcon;
				CODE_SIGN_STYLE = Automatic;
				DEVELOPMENT_TEAM = WEBVY2C5S6;
				INFOPLIST_FILE = Albums/Info.plist;
				LD_RUNPATH_SEARCH_PATHS = (
					"$(inherited)",
					"@executable_path/Frameworks",
				);
				PRODUCT_BUNDLE_IDENTIFIER = com.DavidDoswell.Albums;
				PRODUCT_NAME = "$(TARGET_NAME)";
				SWIFT_VERSION = 4.0;
				TARGETED_DEVICE_FAMILY = "1,2";
			};
			name = Debug;
		};
		05722521213DA87A00234518 /* Release */ = {
			isa = XCBuildConfiguration;
			buildSettings = {
				ASSETCATALOG_COMPILER_APPICON_NAME = AppIcon;
				CODE_SIGN_STYLE = Automatic;
				DEVELOPMENT_TEAM = WEBVY2C5S6;
				INFOPLIST_FILE = Albums/Info.plist;
				LD_RUNPATH_SEARCH_PATHS = (
					"$(inherited)",
					"@executable_path/Frameworks",
				);
				PRODUCT_BUNDLE_IDENTIFIER = com.DavidDoswell.Albums;
				PRODUCT_NAME = "$(TARGET_NAME)";
				SWIFT_VERSION = 4.0;
				TARGETED_DEVICE_FAMILY = "1,2";
			};
			name = Release;
		};
/* End XCBuildConfiguration section */

/* Begin XCConfigurationList section */
		05722508213DA87900234518 /* Build configuration list for PBXProject "Albums" */ = {
			isa = XCConfigurationList;
			buildConfigurations = (
				0572251D213DA87A00234518 /* Debug */,
				0572251E213DA87A00234518 /* Release */,
			);
			defaultConfigurationIsVisible = 0;
			defaultConfigurationName = Release;
		};
		0572251F213DA87A00234518 /* Build configuration list for PBXNativeTarget "Albums" */ = {
			isa = XCConfigurationList;
			buildConfigurations = (
				05722520213DA87A00234518 /* Debug */,
				05722521213DA87A00234518 /* Release */,
			);
			defaultConfigurationIsVisible = 0;
			defaultConfigurationName = Release;
		};
/* End XCConfigurationList section */
	};
	rootObject = 05722505213DA87900234518 /* Project object */;
}
